{
  "name": "luma-guest-registered-to-event-attendance",
  "lockfileVersion": 3,
  "requires": true,
  "packages": {
    "": {
      "name": "luma-guest-registered-to-event-attendance",
      "dependencies": {
        "@zapier/zapier-durable": "0.9.1",
        "@zapier/zapier-sdk": "0.86.0",
        "zod": "4.4.3"
      },
      "devDependencies": {
        "typescript": "latest"
      }
    },
    "node_modules/@asteasolutions/zod-to-openapi": {
      "version": "8.5.0",
      "resolved": "https://registry.npmjs.org/@asteasolutions/zod-to-openapi/-/zod-to-openapi-8.5.0.tgz",
      "integrity": "sha512-SABbKiObg5dLRiTFnqiW1WWwGcg1BJfmHtT2asIBnBHg6Smy/Ms2KHc650+JI4Hw7lSkdiNebEGXpwoxfben8Q==",
      "license": "MIT",
      "dependencies": {
        "openapi3-ts": "^4.1.2"
      },
      "peerDependencies": {
        "zod": "^4.0.0"
      }
    },
    "node_modules/@typescript/typescript-aix-ppc64": {
      "version": "7.0.2",
      "resolved": "https://registry.npmjs.org/@typescript/typescript-aix-ppc64/-/typescript-aix-ppc64-7.0.2.tgz",
      "integrity": "sha512-MTKKkWB7p/0E9xi1d1tHtZ5PiLkGEMIq88pK2CubZjOsLtYTLqhgIgi6zepFa+9GHZ6h05NMCkQxGKiPXMxXtQ==",
      "cpu": [
        "ppc64"
      ],
      "dev": true,
      "license": "Apache-2.0",
      "optional": true,
      "os": [
        "aix"
      ],
      "engines": {
        "node": ">=16.20.0"
      }
    },
    "node_modules/@typescript/typescript-darwin-arm64": {
      "version": "7.0.2",
      "resolved": "https://registry.npmjs.org/@typescript/typescript-darwin-arm64/-/typescript-darwin-arm64-7.0.2.tgz",
      "integrity": "sha512-gowzar9MwS/aRWp6f3a4KUqzRjAZjOsmGNCM6LcTgXum+dBfgsBVMN+AgvOCCbguXyick6LJhpBszxMebJ8syA==",
      "cpu": [
        "arm64"
      ],
      "dev": true,
      "license": "Apache-2.0",
      "optional": true,
      "os": [
        "darwin"
      ],
      "engines": {
        "node": ">=16.20.0"
      }
    },
    "node_modules/@typescript/typescript-darwin-x64": {
      "version": "7.0.2",
      "resolved": "https://registry.npmjs.org/@typescript/typescript-darwin-x64/-/typescript-darwin-x64-7.0.2.tgz",
      "integrity": "sha512-SZ9xZInqApNlNGc9s0W1VSsktYSOe9cFqNOIqmN1Gs8SmkjKZYFt017G4VwPxASInODuAdbTW7sXiFUf893RgA==",
      "cpu": [
        "x64"
      ],
      "dev": true,
      "license": "Apache-2.0",
      "optional": true,
      "os": [
        "darwin"
      ],
      "engines": {
        "node": ">=16.20.0"
      }
    },
    "node_modules/@typescript/typescript-freebsd-arm64": {
      "version": "7.0.2",
      "resolved": "https://registry.npmjs.org/@typescript/typescript-freebsd-arm64/-/typescript-freebsd-arm64-7.0.2.tgz",
      "integrity": "sha512-W5NH4y/J0plIIS5b2xvTEkU7JFxyqdMAOgf+Ilhl0vHQXKO5dZoxd+C/jEtq56c4F3wk71RB4BMRQ2XdI+bwYQ==",
      "cpu": [
        "arm64"
      ],
      "dev": true,
      "license": "Apache-2.0",
      "optional": true,
      "os": [
        "freebsd"
      ],
      "engines": {
        "node": ">=16.20.0"
      }
    },
    "node_modules/@typescript/typescript-freebsd-x64": {
      "version": "7.0.2",
      "resolved": "https://registry.npmjs.org/@typescript/typescript-freebsd-x64/-/typescript-freebsd-x64-7.0.2.tgz",
      "integrity": "sha512-UMGDx5sTpzNw3WiPebH7l90IWfJggEd+egHt/q6p7/Cm3zqoV7VxkGXt+3DxPIw8CcmvAB0j3sVVfbhX+M4Tpw==",
      "cpu": [
        "x64"
      ],
      "dev": true,
      "license": "Apache-2.0",
      "optional": true,
      "os": [
        "freebsd"
      ],
      "engines": {
        "node": ">=16.20.0"
      }
    },
    "node_modules/@typescript/typescript-linux-arm": {
      "version": "7.0.2",
      "resolved": "https://registry.npmjs.org/@typescript/typescript-linux-arm/-/typescript-linux-arm-7.0.2.tgz",
      "integrity": "sha512-gffT3xPz9sR7j/YJExkyPntrI0P2EP9XbOyWzth2/Gs0RstK+90RBcO0ncXoXy/beYll1SXw846Nf2zdnEz0QQ==",
      "cpu": [
        "arm"
      ],
      "dev": true,
      "license": "Apache-2.0",
      "optional": true,
      "os": [
        "linux"
      ],
      "engines": {
        "node": ">=16.20.0"
      }
    },
    "node_modules/@typescript/typescript-linux-arm64": {
      "version": "7.0.2",
      "resolved": "https://registry.npmjs.org/@typescript/typescript-linux-arm64/-/typescript-linux-arm64-7.0.2.tgz",
      "integrity": "sha512-Qh4eU4/y3yDjnfjjyPYihMj5/ODIlmt+Bzu17OI+fiSRDW57QmU5SiN63exPRNJPKUzcc1INa1NXdrJ+MqHjUQ==",
      "cpu": [
        "arm64"
      ],
      "dev": true,
      "license": "Apache-2.0",
      "optional": true,
      "os": [
        "linux"
      ],
      "engines": {
        "node": ">=16.20.0"
      }
    },
    "node_modules/@typescript/typescript-linux-loong64": {
      "version": "7.0.2",
      "resolved": "https://registry.npmjs.org/@typescript/typescript-linux-loong64/-/typescript-linux-loong64-7.0.2.tgz",
      "integrity": "sha512-uEHck9i8hoAzXPiYRib1O7miOnz23SxIeVl6F4LXox+qov1K35jHcEW6VHKvZI+pyvl7fZEP4MCU5LYvIq1GuQ==",
      "cpu": [
        "loong64"
      ],
      "dev": true,
      "license": "Apache-2.0",
      "optional": true,
      "os": [
        "linux"
      ],
      "engines": {
        "node": ">=16.20.0"
      }
    },
    "node_modules/@typescript/typescript-linux-mips64el": {
      "version": "7.0.2",
      "resolved": "https://registry.npmjs.org/@typescript/typescript-linux-mips64el/-/typescript-linux-mips64el-7.0.2.tgz",
      "integrity": "sha512-R4KvAMnE43W5Qeqb0Ly56O3mWMWIAgsMyz36DCaycd5nbg/9kzm0liw3JocfRqyJY0KPmzFjbswozXyW0DnIYA==",
      "cpu": [
        "mips64el"
      ],
      "dev": true,
      "license": "Apache-2.0",
      "optional": true,
      "os": [
        "linux"
      ],
      "engines": {
        "node": ">=16.20.0"
      }
    },
    "node_modules/@typescript/typescript-linux-ppc64": {
      "version": "7.0.2",
      "resolved": "https://registry.npmjs.org/@typescript/typescript-linux-ppc64/-/typescript-linux-ppc64-7.0.2.tgz",
      "integrity": "sha512-DORx5b3sd/4S7eayxm4FQv+A7CrkUIGRaHiwI8oiHTAI1fAPWhF4J0vAlkC8biAlHSVVwxMQ3tjZ2/DVbnQiiA==",
      "cpu": [
        "ppc64"
      ],
      "dev": true,
      "license": "Apache-2.0",
      "optional": true,
      "os": [
        "linux"
      ],
      "engines": {
        "node": ">=16.20.0"
      }
    },
    "node_modules/@typescript/typescript-linux-riscv64": {
      "version": "7.0.2",
      "resolved": "https://registry.npmjs.org/@typescript/typescript-linux-riscv64/-/typescript-linux-riscv64-7.0.2.tgz",
      "integrity": "sha512-wf0jqEDOjrPRnKwYRyyJDRo11KMbvMFrU+q4zqKyChODBzvlkbhNQfKvLxQCcwTpdDaXSHZTVuh0JoCrKCUMHQ==",
      "cpu": [
        "riscv64"
      ],
      "dev": true,
      "license": "Apache-2.0",
      "optional": true,
      "os": [
        "linux"
      ],
      "engines": {
        "node": ">=16.20.0"
      }
    },
    "node_modules/@typescript/typescript-linux-s390x": {
      "version": "7.0.2",
      "resolved": "https://registry.npmjs.org/@typescript/typescript-linux-s390x/-/typescript-linux-s390x-7.0.2.tgz",
      "integrity": "sha512-IkwJc3L7yhytWd/ewjyxNDfOmswCm9GWMJT/ue/dU4aZNbwZeYAetq42VyLmsmSjvoX7z74X6ZaYCtzAr0EuGw==",
      "cpu": [
        "s390x"
      ],
      "dev": true,
      "license": "Apache-2.0",
      "optional": true,
      "os": [
        "linux"
      ],
      "engines": {
        "node": ">=16.20.0"
      }
    },
    "node_modules/@typescript/typescript-linux-x64": {
      "version": "7.0.2",
      "resolved": "https://registry.npmjs.org/@typescript/typescript-linux-x64/-/typescript-linux-x64-7.0.2.tgz",
      "integrity": "sha512-EYdf2cNg7rgCWJnxCdJ+F3V39O8ihb37eHAu1LK8oAFizgTQbPOK7zHHXbPt8rX24COqODXeI3sIf0fCXG7H/A==",
      "cpu": [
        "x64"
      ],
      "dev": true,
      "license": "Apache-2.0",
      "optional": true,
      "os": [
        "linux"
      ],
      "engines": {
        "node": ">=16.20.0"
      }
    },
    "node_modules/@typescript/typescript-netbsd-arm64": {
      "version": "7.0.2",
      "resolved": "https://registry.npmjs.org/@typescript/typescript-netbsd-arm64/-/typescript-netbsd-arm64-7.0.2.tgz",
      "integrity": "sha512-+polYF4MF04aPpO5FTkHran9yUQDSXqy5GiSDKpsll5jy3l3+g9QLhpf39T+ePtefhXLOGrLl0QIjkQP6VnelA==",
      "cpu": [
        "arm64"
      ],
      "dev": true,
      "license": "Apache-2.0",
      "optional": true,
      "os": [
        "netbsd"
      ],
      "engines": {
        "node": ">=16.20.0"
      }
    },
    "node_modules/@typescript/typescript-netbsd-x64": {
      "version": "7.0.2",
      "resolved": "https://registry.npmjs.org/@typescript/typescript-netbsd-x64/-/typescript-netbsd-x64-7.0.2.tgz",
      "integrity": "sha512-8YIT0EHM/3dq10ZOVF/A7pc/YSMtbcecct4rWtexrnSCHOPcpC2KTLXfTCR6vDpnSiY12heNb1GiN/wu+T/FyA==",
      "cpu": [
        "x64"
      ],
      "dev": true,
      "license": "Apache-2.0",
      "optional": true,
      "os": [
        "netbsd"
      ],
      "engines": {
        "node": ">=16.20.0"
      }
    },
    "node_modules/@typescript/typescript-openbsd-arm64": {
      "version": "7.0.2",
      "resolved": "https://registry.npmjs.org/@typescript/typescript-openbsd-arm64/-/typescript-openbsd-arm64-7.0.2.tgz",
      "integrity": "sha512-APT8+ClYnuYm1u9+kgGXoMj2VzWzcymwh2gNSQVySHfkRDGOTVkoWLjCmOQSaO+PoqQ57B0flRp9SA+7GnnkzQ==",
      "cpu": [
        "arm64"
      ],
      "dev": true,
      "license": "Apache-2.0",
      "optional": true,
      "os": [
        "openbsd"
      ],
      "engines": {
        "node": ">=16.20.0"
      }
    },
    "node_modules/@typescript/typescript-openbsd-x64": {
      "version": "7.0.2",
      "resolved": "https://registry.npmjs.org/@typescript/typescript-openbsd-x64/-/typescript-openbsd-x64-7.0.2.tgz",
      "integrity": "sha512-yX7s+Q0Dln0Dt9tEzZsAjXXR/+ytBM7AlglaqyeMPxQszJ1JhlJdZ6jLA+IzldHtflX81em7lDao1xXu+aRRkg==",
      "cpu": [
        "x64"
      ],
      "dev": true,
      "license": "Apache-2.0",
      "optional": true,
      "os": [
        "openbsd"
      ],
      "engines": {
        "node": ">=16.20.0"
      }
    },
    "node_modules/@typescript/typescript-sunos-x64": {
      "version": "7.0.2",
      "resolved": "https://registry.npmjs.org/@typescript/typescript-sunos-x64/-/typescript-sunos-x64-7.0.2.tgz",
      "integrity": "sha512-dLJDGaLZ1D4HPQn62u1n8mBDkJREwMsAkCdkwd4Ieqw+x3TUyTsqY0YiBCtE6H6OzzgGk3iuZ3vFWRS+E8/d1g==",
      "cpu": [
        "x64"
      ],
      "dev": true,
      "license": "Apache-2.0",
      "optional": true,
      "os": [
        "sunos"
      ],
      "engines": {
        "node": ">=16.20.0"
      }
    },
    "node_modules/@typescript/typescript-win32-arm64": {
      "version": "7.0.2",
      "resolved": "https://registry.npmjs.org/@typescript/typescript-win32-arm64/-/typescript-win32-arm64-7.0.2.tgz",
      "integrity": "sha512-Gyl1Vy6OsWesLzmq+EP0Fb7b4Nid5232AvcA2SFcdYreldpNtYFFofPjnt62y9hQy7VTaZp65ICJjuAQRaVcIQ==",
      "cpu": [
        "arm64"
      ],
      "dev": true,
      "license": "Apache-2.0",
      "optional": true,
      "os": [
        "win32"
      ],
      "engines": {
        "node": ">=16.20.0"
      }
    },
    "node_modules/@typescript/typescript-win32-x64": {
      "version": "7.0.2",
      "resolved": "https://registry.npmjs.org/@typescript/typescript-win32-x64/-/typescript-win32-x64-7.0.2.tgz",
      "integrity": "sha512-0BQ3HkAHHlKLSp1qRvf3SUhGpGsDuhB/jgFw75guyqbxJqEaS0Cw/VFO8i2nHglJUzQCRtMMR/IBAKE3ETMC4g==",
      "cpu": [
        "x64"
      ],
      "dev": true,
      "license": "Apache-2.0",
      "optional": true,
      "os": [
        "win32"
      ],
      "engines": {
        "node": ">=16.20.0"
      }
    },
    "node_modules/@zapier/policy-context": {
      "version": "1.2.2",
      "resolved": "https://registry.npmjs.org/@zapier/policy-context/-/policy-context-1.2.2.tgz",
      "integrity": "sha512-xAkKjzUbtX6eKnl9eHP02970XB7mC5stfLdy27LbvpTPwsHfx6r8tEO9dPYhpO/MTAH6afGwnoekSqiQxqP//w==",
      "dependencies": {
        "@zapier/policy-schema": "0.15.0"
      },
      "peerDependencies": {
        "zod": "^4.0.0"
      }
    },
    "node_modules/@zapier/policy-schema": {
      "version": "0.15.0",
      "resolved": "https://registry.npmjs.org/@zapier/policy-schema/-/policy-schema-0.15.0.tgz",
      "integrity": "sha512-qwvsxy+ThVTGJJjzH0Hy/D7IdPleHHqYGKdTTMJovAGHO8rnaanbSKuBRp8o+l7rBImwNPR0sPzPx7vzJ5lu8w==",
      "peerDependencies": {
        "zod": "^4.0.0"
      }
    },
    "node_modules/@zapier/zapier-durable": {
      "version": "0.9.1",
      "resolved": "https://registry.npmjs.org/@zapier/zapier-durable/-/zapier-durable-0.9.1.tgz",
      "integrity": "sha512-mChR1HLW7E0i+eKPNDmI89P/DJyxIJLUoUfJ/RNjSz71opajDgo4iwTDXyLgkMsHz8d0+c6sOliQ8pJ8Lu0qaA==",
      "license": "SEE LICENSE IN LICENSE",
      "dependencies": {
        "ajv": "^8.17.1",
        "fzstd": "0.1.1",
        "openapi-fetch": "^0.15.0",
        "zod": "4.2.1"
      }
    },
    "node_modules/@zapier/zapier-durable/node_modules/zod": {
      "version": "4.2.1",
      "resolved": "https://registry.npmjs.org/zod/-/zod-4.2.1.tgz",
      "integrity": "sha512-0wZ1IRqGGhMP76gLqz8EyfBXKk0J2qo2+H3fi4mcUP/KtTocoX08nmIAHl1Z2kJIZbZee8KOpBCSNPRgauucjw==",
      "license": "MIT",
      "funding": {
        "url": "https://github.com/sponsors/colinhacks"
      }
    },
    "node_modules/@zapier/zapier-sdk": {
      "version": "0.86.0",
      "resolved": "https://registry.npmjs.org/@zapier/zapier-sdk/-/zapier-sdk-0.86.0.tgz",
      "integrity": "sha512-k/rgaIFuY76aoNAT0r4G573RYNnOUfCogljK2pX8DP/r0xn2EVIiVNUIE58Ny4O6cw40EeSAshhCEAIlY6OlZw==",
      "license": "SEE LICENSE IN LICENSE",
      "dependencies": {
        "@zapier/policy-context": "1.2.2",
        "@zapier/policy-schema": "0.15.0",
        "@zapier/zapier-sdk-core": "0.15.1",
        "zod": "4.3.6"
      }
    },
    "node_modules/@zapier/zapier-sdk-core": {
      "version": "0.15.1",
      "resolved": "https://registry.npmjs.org/@zapier/zapier-sdk-core/-/zapier-sdk-core-0.15.1.tgz",
      "integrity": "sha512-W40zTWV0YhcqhkV0RoO2Vsf47rFPWCN7fnZq8IqM400Aj05hfpGbW/h3uzQHtGEnRmF+wm5C5SiMQlLZKKap8A==",
      "license": "SEE LICENSE IN LICENSE",
      "dependencies": {
        "@zapier/policy-context": "1.1.1",
        "zod": "4.3.6"
      }
    },
    "node_modules/@zapier/zapier-sdk-core/node_modules/@zapier/policy-context": {
      "version": "1.1.1",
      "resolved": "https://registry.npmjs.org/@zapier/policy-context/-/policy-context-1.1.1.tgz",
      "integrity": "sha512-DSFIUXRUZQLRxKZvvq84oANGTDLoXWdj6F8ZUI7O92CkCMhm9C/DZI1wf4j4s1va2cIUwEUFZW6xIT9b2LpZwg==",
      "dependencies": {
        "@asteasolutions/zod-to-openapi": "^8.5.0",
        "@zapier/policy-schema": "0.12.0"
      },
      "peerDependencies": {
        "zod": "^4.0.0"
      }
    },
    "node_modules/@zapier/zapier-sdk-core/node_modules/@zapier/policy-schema": {
      "version": "0.12.0",
      "resolved": "https://registry.npmjs.org/@zapier/policy-schema/-/policy-schema-0.12.0.tgz",
      "integrity": "sha512-dKfygnnzitobXJgzxLcAkiR/NTj0Lqzo9Rkfz3XNv7BHXTRzgBuO/EgvkPaNREvUyOT15h5zUpNy6dsJWJyRAA==",
      "peerDependencies": {
        "zod": "^4.0.0"
      }
    },
    "node_modules/@zapier/zapier-sdk-core/node_modules/zod": {
      "version": "4.3.6",
      "resolved": "https://registry.npmjs.org/zod/-/zod-4.3.6.tgz",
      "integrity": "sha512-rftlrkhHZOcjDwkGlnUtZZkvaPHCsDATp4pGpuOOMDaTdDDXF91wuVDJoWoPsKX/3YPQ5fHuF3STjcYyKr+Qhg==",
      "license": "MIT",
      "funding": {
        "url": "https://github.com/sponsors/colinhacks"
      }
    },
    "node_modules/@zapier/zapier-sdk/node_modules/zod": {
      "version": "4.3.6",
      "resolved": "https://registry.npmjs.org/zod/-/zod-4.3.6.tgz",
      "integrity": "sha512-rftlrkhHZOcjDwkGlnUtZZkvaPHCsDATp4pGpuOOMDaTdDDXF91wuVDJoWoPsKX/3YPQ5fHuF3STjcYyKr+Qhg==",
      "license": "MIT",
      "funding": {
        "url": "https://github.com/sponsors/colinhacks"
      }
    },
    "node_modules/ajv": {
      "version": "8.20.0",
      "resolved": "https://registry.npmjs.org/ajv/-/ajv-8.20.0.tgz",
      "integrity": "sha512-Thbli+OlOj+iMPYFBVBfJ3OmCAnaSyNn4M1vz9T6Gka5Jt9ba/HIR56joy65tY6kx/FCF5VXNB819Y7/GUrBGA==",
      "license": "MIT",
      "dependencies": {
        "fast-deep-equal": "^3.1.3",
        "fast-uri": "^3.0.1",
        "json-schema-traverse": "^1.0.0",
        "require-from-string": "^2.0.2"
      },
      "funding": {
        "type": "github",
        "url": "https://github.com/sponsors/epoberezkin"
      }
    },
    "node_modules/fast-deep-equal": {
      "version": "3.1.3",
      "resolved": "https://registry.npmjs.org/fast-deep-equal/-/fast-deep-equal-3.1.3.tgz",
      "integrity": "sha512-f3qQ9oQy9j2AhBe/H9VC91wLmKBCCU/gDOnKNAYG5hswO7BLKj09Hc5HYNz9cGI++xlpDCIgDaitVs03ATR84Q==",
      "license": "MIT"
    },
    "node_modules/fast-uri": {
      "version": "3.1.4",
      "resolved": "https://registry.npmjs.org/fast-uri/-/fast-uri-3.1.4.tgz",
      "integrity": "sha512-8JnbkQ4juDyvYs4mgFGQqg4yCYtFDtUtmp2QIQq11ZZe5CFQ5wcqm1rqDgAh/QdMySuBnPzMUiJUNZG5N/AiQw==",
      "funding": [
        {
          "type": "github",
          "url": "https://github.com/sponsors/fastify"
        },
        {
          "type": "opencollective",
          "url": "https://opencollective.com/fastify"
        }
      ],
      "license": "BSD-3-Clause"
    },
    "node_modules/fzstd": {
      "version": "0.1.1",
      "resolved": "https://registry.npmjs.org/fzstd/-/fzstd-0.1.1.tgz",
      "integrity": "sha512-dkuVSOKKwh3eas5VkJy1AW1vFpet8TA/fGmVA5krThl8YcOVE/8ZIoEA1+U1vEn5ckxxhLirSdY837azmbaNHA==",
      "license": "MIT"
    },
    "node_modules/json-schema-traverse": {
      "version": "1.0.0",
      "resolved": "https://registry.npmjs.org/json-schema-traverse/-/json-schema-traverse-1.0.0.tgz",
      "integrity": "sha512-NM8/P9n3XjXhIZn1lLhkFaACTOURQXjWhV4BA/RnOv8xvgqtqpAX9IO4mRQxSx1Rlo4tqzeqb0sOlruaOy3dug==",
      "license": "MIT"
    },
    "node_modules/openapi-fetch": {
      "version": "0.15.2",
      "resolved": "https://registry.npmjs.org/openapi-fetch/-/openapi-fetch-0.15.2.tgz",
      "integrity": "sha512-rdYTzUmSsJevmNqg7fwUVGuKc2Gfb9h6ph74EVPkPfIGJaZTfqdIbJahtbJ3qg1LKinln30hqZniLnKpH0RJBg==",
      "license": "MIT",
      "dependencies": {
        "openapi-typescript-helpers": "^0.0.15"
      }
    },
    "node_modules/openapi-typescript-helpers": {
      "version": "0.0.15",
      "resolved": "https://registry.npmjs.org/openapi-typescript-helpers/-/openapi-typescript-helpers-0.0.15.tgz",
      "integrity": "sha512-opyTPaunsklCBpTK8JGef6mfPhLSnyy5a0IN9vKtx3+4aExf+KxEqYwIy3hqkedXIB97u357uLMJsOnm3GVjsw==",
      "license": "MIT"
    },
    "node_modules/openapi3-ts": {
      "version": "4.6.1",
      "resolved": "https://registry.npmjs.org/openapi3-ts/-/openapi3-ts-4.6.1.tgz",
      "integrity": "sha512-XW9MOldkhoICNeXVzzmXzmOW5G73ppOEGmh7fLCqHjgfdEYCGGN+00MlVCeUZgovjjfC56j9tvtDt1zGabNjjA==",
      "license": "MIT",
      "dependencies": {
        "yaml": "^2.9.0"
      }
    },
    "node_modules/require-from-string": {
      "version": "2.0.2",
      "resolved": "https://registry.npmjs.org/require-from-string/-/require-from-string-2.0.2.tgz",
      "integrity": "sha512-Xf0nWe6RseziFMu+Ap9biiUbmplq6S9/p+7w7YXP/JBHhrUDDUhwa+vANyubuqfZWTveU//DYVGsDG7RKL/vEw==",
      "license": "MIT",
      "engines": {
        "node": ">=0.10.0"
      }
    },
    "node_modules/typescript": {
      "version": "7.0.2",
      "resolved": "https://registry.npmjs.org/typescript/-/typescript-7.0.2.tgz",
      "integrity": "sha512-8FYau96o3NKOhbjKi/qNvG/W5jhzxkbdm5sj9AbZ/5T5sWqn3hJgLfGx27sRKZWTvyzCP8dLRBTf5tBTSRVUNA==",
      "dev": true,
      "license": "Apache-2.0",
      "bin": {
        "tsc": "bin/tsc"
      },
      "engines": {
        "node": ">=16.20.0"
      },
      "optionalDependencies": {
        "@typescript/typescript-aix-ppc64": "7.0.2",
        "@typescript/typescript-darwin-arm64": "7.0.2",
        "@typescript/typescript-darwin-x64": "7.0.2",
        "@typescript/typescript-freebsd-arm64": "7.0.2",
        "@typescript/typescript-freebsd-x64": "7.0.2",
        "@typescript/typescript-linux-arm": "7.0.2",
        "@typescript/typescript-linux-arm64": "7.0.2",
        "@typescript/typescript-linux-loong64": "7.0.2",
        "@typescript/typescript-linux-mips64el": "7.0.2",
        "@typescript/typescript-linux-ppc64": "7.0.2",
        "@typescript/typescript-linux-riscv64": "7.0.2",
        "@typescript/typescript-linux-s390x": "7.0.2",
        "@typescript/typescript-linux-x64": "7.0.2",
        "@typescript/typescript-netbsd-arm64": "7.0.2",
        "@typescript/typescript-netbsd-x64": "7.0.2",
        "@typescript/typescript-openbsd-arm64": "7.0.2",
        "@typescript/typescript-openbsd-x64": "7.0.2",
        "@typescript/typescript-sunos-x64": "7.0.2",
        "@typescript/typescript-win32-arm64": "7.0.2",
        "@typescript/typescript-win32-x64": "7.0.2"
      }
    },
    "node_modules/yaml": {
      "version": "2.9.0",
      "resolved": "https://registry.npmjs.org/yaml/-/yaml-2.9.0.tgz",
      "integrity": "sha512-2AvhNX3mb8zd6Zy7INTtSpl1F15HW6Wnqj0srWlkKLcpYl/gMIMJiyuGq2KeI2YFxUPjdlB+3Lc10seMLtL4cA==",
      "license": "ISC",
      "bin": {
        "yaml": "bin.mjs"
      },
      "engines": {
        "node": ">= 14.6"
      },
      "funding": {
        "url": "https://github.com/sponsors/eemeli"
      }
    },
    "node_modules/zod": {
      "version": "4.4.3",
      "resolved": "https://registry.npmjs.org/zod/-/zod-4.4.3.tgz",
      "integrity": "sha512-ytENFjIJFl2UwYglde2jchW2Hwm4GJFLDiSXWdTrJQBIN9Fcyp7n4DhxJEiWNAJMV1/BqWfW/kkg71UDcHJyTQ==",
      "license": "MIT",
      "funding": {
        "url": "https://github.com/sponsors/colinhacks"
      }
    }
  }
}
